
Microsoft Visual Studio Solution File, Format Version 12.00
# Visual Studio 15
VisualStudioVersion = 15.0.27428.2043
MinimumVisualStudioVersion = 10.0.40219.1
Project("{FAE04EC0-301F-11D3-BF4B-00C04F79EFBC}") = "CST-117-Exercise-1", "CST-117-Exercise-1\CST-117-Exercise-1.csproj", "{CDD25E70-4EC9-46AE-8F33-8D32D786A0AE}"
EndProject
Global
	GlobalSection(SolutionConfigurationPlatforms) = preSolution
		Debug|Any CPU = Debug|Any CPU
		Release|Any CPU = Release|Any CPU
	EndGlobalSection
	GlobalSection(ProjectConfigurationPlatforms) = postSolution
		{CDD25E70-4EC9-46AE-8F33-8D32D786A0AE}.Debug|Any CPU.ActiveCfg = Debug|Any CPU
		{CDD25E70-4EC9-46AE-8F33-8D32D786A0AE}.Debug|Any CPU.Build.0 = Debug|Any CPU
		{CDD25E70-4EC9-46AE-8F33-8D32D786A0AE}.Release|Any CPU.ActiveCfg = Release|Any CPU
		{CDD25E70-4EC9-46AE-8F33-8D32D786A0AE}.Release|Any CPU.Build.0 = Release|Any CPU
	EndGlobalSection
	GlobalSection(SolutionProperties) = preSolution
		HideSolutionNode = FALSE
	EndGlobalSection
	GlobalSection(ExtensibilityGlobals) = postSolution
		SolutionGuid = {CC642417-F59C-4457-9C21-B179681F0CD0}
	EndGlobalSection
EndGlobal
